
Microsoft Visual Studio Solution File, Format Version 12.00
# Visual Studio 15
Project("{FAE04EC0-301F-11D3-BF4B-00C04F79EFBC}") = "Assembly-CSharp", "Assembly-CSharp.csproj", "{FADC47E4-5328-F2C1-F0BB-96CBBA3E1E7D}"
EndProject
Project("{FAE04EC0-301F-11D3-BF4B-00C04F79EFBC}") = "Assembly-CSharp-Editor", "Assembly-CSharp-Editor.csproj", "{AEA4E742-3EB2-54BF-EB32-9DCAD90FB41B}"
EndProject
Global
	GlobalSection(SolutionConfigurationPlatforms) = preSolution
		Debug|Any CPU = Debug|Any CPU
		Release|Any CPU = Release|Any CPU
	EndGlobalSection
	GlobalSection(ProjectConfigurationPlatforms) = postSolution
		{FADC47E4-5328-F2C1-F0BB-96CBBA3E1E7D}.Debug|Any CPU.ActiveCfg = Debug|Any CPU
		{FADC47E4-5328-F2C1-F0BB-96CBBA3E1E7D}.Debug|Any CPU.Build.0 = Debug|Any CPU
		{FADC47E4-5328-F2C1-F0BB-96CBBA3E1E7D}.Release|Any CPU.ActiveCfg = Release|Any CPU
		{FADC47E4-5328-F2C1-F0BB-96CBBA3E1E7D}.Release|Any CPU.Build.0 = Release|Any CPU
		{AEA4E742-3EB2-54BF-EB32-9DCAD90FB41B}.Debug|Any CPU.ActiveCfg = Debug|Any CPU
		{AEA4E742-3EB2-54BF-EB32-9DCAD90FB41B}.Debug|Any CPU.Build.0 = Debug|Any CPU
		{AEA4E742-3EB2-54BF-EB32-9DCAD90FB41B}.Release|Any CPU.ActiveCfg = Release|Any CPU
		{AEA4E742-3EB2-54BF-EB32-9DCAD90FB41B}.Release|Any CPU.Build.0 = Release|Any CPU
	EndGlobalSection
	GlobalSection(SolutionProperties) = preSolution
		HideSolutionNode = FALSE
	EndGlobalSection
EndGlobal
